Microsoft Visual Studio Solution File, Format Version 12.00
# Visual Studio Version 17
VisualStudioVersion = 17.5.2.0
MinimumVisualStudioVersion = 10.0.40219.1
Project("{FAE04EC0-301F-11D3-BF4B-00C04F79EFBC}") = "VexaDrive.Api", "VexaDrive.Api\VexaDrive.Api.csproj", "{49A02D78-FA56-A534-00A8-1DBC462D2658}"
EndProject
Global
	GlobalSection(SolutionConfigurationPlatforms) = preSolution
		Debug|Any CPU = Debug|Any CPU
		Release|Any CPU = Release|Any CPU
	EndGlobalSection
	GlobalSection(ProjectConfigurationPlatforms) = postSolution
		{49A02D78-FA56-A534-00A8-1DBC462D2658}.Debug|Any CPU.ActiveCfg = Debug|Any CPU
		{49A02D78-FA56-A534-00A8-1DBC462D2658}.Debug|Any CPU.Build.0 = Debug|Any CPU
		{49A02D78-FA56-A534-00A8-1DBC462D2658}.Release|Any CPU.ActiveCfg = Release|Any CPU
		{49A02D78-FA56-A534-00A8-1DBC462D2658}.Release|Any CPU.Build.0 = Release|Any CPU
	EndGlobalSection
	GlobalSection(SolutionProperties) = preSolution
		HideSolutionNode = FALSE
	EndGlobalSection
	GlobalSection(ExtensibilityGlobals) = postSolution
		SolutionGuid = {756E01B6-FF38-41B2-B184-B207F033BCCD}
	EndGlobalSection
EndGlobal
